
Microsoft Visual Studio Solution File, Format Version 12.00
# Visual Studio Version 16
VisualStudioVersion = 16.0.31702.278
MinimumVisualStudioVersion = 10.0.40219.1
Project("{FAE04EC0-301F-11D3-BF4B-00C04F79EFBC}") = "Lab19App1", "Lab19App1\Lab19App1.csproj", "{2DDEDEE0-96E9-4A1D-96C8-F975108DD70B}"
EndProject
Global
	GlobalSection(SolutionConfigurationPlatforms) = preSolution
		Debug|Any CPU = Debug|Any CPU
		Release|Any CPU = Release|Any CPU
	EndGlobalSection
	GlobalSection(ProjectConfigurationPlatforms) = postSolution
		{2DDEDEE0-96E9-4A1D-96C8-F975108DD70B}.Debug|Any CPU.ActiveCfg = Debug|Any CPU
		{2DDEDEE0-96E9-4A1D-96C8-F975108DD70B}.Debug|Any CPU.Build.0 = Debug|Any CPU
		{2DDEDEE0-96E9-4A1D-96C8-F975108DD70B}.Release|Any CPU.ActiveCfg = Release|Any CPU
		{2DDEDEE0-96E9-4A1D-96C8-F975108DD70B}.Release|Any CPU.Build.0 = Release|Any CPU
	EndGlobalSection
	GlobalSection(SolutionProperties) = preSolution
		HideSolutionNode = FALSE
	EndGlobalSection
	GlobalSection(ExtensibilityGlobals) = postSolution
		SolutionGuid = {2C6F3364-175A-47FF-848C-5B24A0A26397}
	EndGlobalSection
EndGlobal
